
Microsoft Visual Studio Solution File, Format Version 12.00
# Visual Studio Version 17
VisualStudioVersion = 17.12.35506.116 d17.12
MinimumVisualStudioVersion = 10.0.40219.1
Project("{FAE04EC0-301F-11D3-BF4B-00C04F79EFBC}") = "OOPInheritance_1", "OOPInheritance_1\OOPInheritance_1.csproj", "{E7E5A707-3197-4710-A0DF-300DCFCCDEEB}"
EndProject
Project("{FAE04EC0-301F-11D3-BF4B-00C04F79EFBC}") = "IkinciProje", "IkinciProje\IkinciProje.csproj", "{6E278BA9-1508-41FB-93E9-AA9C5787813D}"
EndProject
Global
	GlobalSection(SolutionConfigurationPlatforms) = preSolution
		Debug|Any CPU = Debug|Any CPU
		Release|Any CPU = Release|Any CPU
	EndGlobalSection
	GlobalSection(ProjectConfigurationPlatforms) = postSolution
		{E7E5A707-3197-4710-A0DF-300DCFCCDEEB}.Debug|Any CPU.ActiveCfg = Debug|Any CPU
		{E7E5A707-3197-4710-A0DF-300DCFCCDEEB}.Debug|Any CPU.Build.0 = Debug|Any CPU
		{E7E5A707-3197-4710-A0DF-300DCFCCDEEB}.Release|Any CPU.ActiveCfg = Release|Any CPU
		{E7E5A707-3197-4710-A0DF-300DCFCCDEEB}.Release|Any CPU.Build.0 = Release|Any CPU
		{6E278BA9-1508-41FB-93E9-AA9C5787813D}.Debug|Any CPU.ActiveCfg = Debug|Any CPU
		{6E278BA9-1508-41FB-93E9-AA9C5787813D}.Debug|Any CPU.Build.0 = Debug|Any CPU
		{6E278BA9-1508-41FB-93E9-AA9C5787813D}.Release|Any CPU.ActiveCfg = Release|Any CPU
		{6E278BA9-1508-41FB-93E9-AA9C5787813D}.Release|Any CPU.Build.0 = Release|Any CPU
	EndGlobalSection
	GlobalSection(SolutionProperties) = preSolution
		HideSolutionNode = FALSE
	EndGlobalSection
EndGlobal
